// !$*UTF8*$!
{
	archiveVersion = 1;
	classes = {
	};
	objectVersion = 56;
	objects = {

/* Begin PBXBuildFile section */
		04CCB4702C89F5A200642828 /* Banquemisr_challenge05App.swift in Sources */ = {isa = PBXBuildFile; fileRef = 04CCB46F2C89F5A200642828 /* Banquemisr_challenge05App.swift */; };
		04CCB4722C89F5A200642828 /* Persistence.swift in Sources */ = {isa = PBXBuildFile; fileRef = 04CCB4712C89F5A200642828 /* Persistence.swift */; };
		04CCB4752C89F5A200642828 /* Banquemisr_challenge05.xcdatamodeld in Sources */ = {isa = PBXBuildFile; fileRef = 04CCB4732C89F5A200642828 /* Banquemisr_challenge05.xcdatamodeld */; };
		04CCB4772C89F5A200642828 /* ContentView.swift in Sources */ = {isa = PBXBuildFile; fileRef = 04CCB4762C89F5A200642828 /* ContentView.swift */; };
		04CCB4792C89F5A600642828 /* Assets.xcassets in Resources */ = {isa = PBXBuildFile; fileRef = 04CCB4782C89F5A600642828 /* Assets.xcassets */; };
		04CCB47D2C89F5A600642828 /* Preview Assets.xcassets in Resources */ = {isa = PBXBuildFile; fileRef = 04CCB47C2C89F5A600642828 /* Preview Assets.xcassets */; };
		04CCB4872C89F5A700642828 /* Banquemisr_challenge05Tests.swift in Sources */ = {isa = PBXBuildFile; fileRef = 04CCB4862C89F5A700642828 /* Banquemisr_challenge05Tests.swift */; };
		04CCB4912C89F5A700642828 /* Banquemisr_challenge05UITests.swift in Sources */ = {isa = PBXBuildFile; fileRef = 04CCB4902C89F5A700642828 /* Banquemisr_challenge05UITests.swift */; };
		04CCB4932C89F5A700642828 /* Banquemisr_challenge05UITestsLaunchTests.swift in Sources */ = {isa = PBXBuildFile; fileRef = 04CCB4922C89F5A700642828 /* Banquemisr_challenge05UITestsLaunchTests.swift */; };
/* End PBXBuildFile section */

/* Begin PBXContainerItemProxy section */
		04CCB4832C89F5A700642828 /* PBXContainerItemProxy */ = {
			isa = PBXContainerItemProxy;
			containerPortal = 04CCB4642C89F5A200642828 /* Project object */;
			proxyType = 1;
			remoteGlobalIDString = 04CCB46B2C89F5A200642828;
			remoteInfo = Banquemisr.challenge05;
		};
		04CCB48D2C89F5A700642828 /* PBXContainerItemProxy */ = {
			isa = PBXContainerItemProxy;
			containerPortal = 04CCB4642C89F5A200642828 /* Project object */;
			proxyType = 1;
			remoteGlobalIDString = 04CCB46B2C89F5A200642828;
			remoteInfo = Banquemisr.challenge05;
		};
/* End PBXContainerItemProxy section */

/* Begin PBXFileReference section */
		04CCB46C2C89F5A200642828 /* Banquemisr.challenge05.app */ = {isa = PBXFileReference; explicitFileType = wrapper.application; includeInIndex = 0; path = Banquemisr.challenge05.app; sourceTree = BUILT_PRODUCTS_DIR; };
		04CCB46F2C89F5A200642828 /* Banquemisr_challenge05App.swift */ = {isa = PBXFileReference; lastKnownFileType = sourcecode.swift; path = Banquemisr_challenge05App.swift; sourceTree = "<group>"; };
		04CCB4712C89F5A200642828 /* Persistence.swift */ = {isa = PBXFileReference; lastKnownFileType = sourcecode.swift; path = Persistence.swift; sourceTree = "<group>"; };
		04CCB4742C89F5A200642828 /* Banquemisr_challenge05.xcdatamodel */ = {isa = PBXFileReference; lastKnownFileType = wrapper.xcdatamodel; path = Banquemisr_challenge05.xcdatamodel; sourceTree = "<group>"; };
		04CCB4762C89F5A200642828 /* ContentView.swift */ = {isa = PBXFileReference; lastKnownFileType = sourcecode.swift; path = ContentView.swift; sourceTree = "<group>"; };
		04CCB4782C89F5A600642828 /* Assets.xcassets */ = {isa = PBXFileReference; lastKnownFileType = folder.assetcatalog; path = Assets.xcassets; sourceTree = "<group>"; };
		04CCB47A2C89F5A600642828 /* Banquemisr_challenge05.entitlements */ = {isa = PBXFileReference; lastKnownFileType = text.plist.entitlements; path = Banquemisr_challenge05.entitlements; sourceTree = "<group>"; };
		04CCB47C2C89F5A600642828 /* Preview Assets.xcassets */ = {isa = PBXFileReference; lastKnownFileType = folder.assetcatalog; path = "Preview Assets.xcassets"; sourceTree = "<group>"; };
		04CCB4822C89F5A700642828 /* Banquemisr.challenge05Tests.xctest */ = {isa = PBXFileReference; explicitFileType = wrapper.cfbundle; includeInIndex = 0; path = Banquemisr.challenge05Tests.xctest; sourceTree = BUILT_PRODUCTS_DIR; };
		04CCB4862C89F5A700642828 /* Banquemisr_challenge05Tests.swift */ = {isa = PBXFileReference; lastKnownFileType = sourcecode.swift; path = Banquemisr_challenge05Tests.swift; sourceTree = "<group>"; };
		04CCB48C2C89F5A700642828 /* Banquemisr.challenge05UITests.xctest */ = {isa = PBXFileReference; explicitFileType = wrapper.cfbundle; includeInIndex = 0; path = Banquemisr.challenge05UITests.xctest; sourceTree = BUILT_PRODUCTS_DIR; };
		04CCB4902C89F5A700642828 /* Banquemisr_challenge05UITests.swift */ = {isa = PBXFileReference; lastKnownFileType = sourcecode.swift; path = Banquemisr_challenge05UITests.swift; sourceTree = "<group>"; };
		04CCB4922C89F5A700642828 /* Banquemisr_challenge05UITestsLaunchTests.swift */ = {isa = PBXFileReference; lastKnownFileType = sourcecode.swift; path = Banquemisr_challenge05UITestsLaunchTests.swift; sourceTree = "<group>"; };
/* End PBXFileReference section */

/* Begin PBXFrameworksBuildPhase section */
		04CCB4692C89F5A200642828 /* Frameworks */ = {
			isa = PBXFrameworksBuildPhase;
			buildActionMask = 2147483647;
			files = (
			);
			runOnlyForDeploymentPostprocessing = 0;
		};
		04CCB47F2C89F5A700642828 /* Frameworks */ = {
			isa = PBXFrameworksBuildPhase;
			buildActionMask = 2147483647;
			files = (
			);
			runOnlyForDeploymentPostprocessing = 0;
		};
		04CCB4892C89F5A700642828 /* Frameworks */ = {
			isa = PBXFrameworksBuildPhase;
			buildActionMask = 2147483647;
			files = (
			);
			runOnlyForDeploymentPostprocessing = 0;
		};
/* End PBXFrameworksBuildPhase section */

/* Begin PBXGroup section */
		04CCB4632C89F5A200642828 = {
			isa = PBXGroup;
			children = (
				04CCB46E2C89F5A200642828 /* Banquemisr.challenge05 */,
				04CCB4852C89F5A700642828 /* Banquemisr.challenge05Tests */,
				04CCB48F2C89F5A700642828 /* Banquemisr.challenge05UITests */,
				04CCB46D2C89F5A200642828 /* Products */,
			);
			sourceTree = "<group>";
		};
		04CCB46D2C89F5A200642828 /* Products */ = {
			isa = PBXGroup;
			children = (
				04CCB46C2C89F5A200642828 /* Banquemisr.challenge05.app */,
				04CCB4822C89F5A700642828 /* Banquemisr.challenge05Tests.xctest */,
				04CCB48C2C89F5A700642828 /* Banquemisr.challenge05UITests.xctest */,
			);
			name = Products;
			sourceTree = "<group>";
		};
		04CCB46E2C89F5A200642828 /* Banquemisr.challenge05 */ = {
			isa = PBXGroup;
			children = (
				04CCB46F2C89F5A200642828 /* Banquemisr_challenge05App.swift */,
				04CCB4712C89F5A200642828 /* Persistence.swift */,
				04CCB4762C89F5A200642828 /* ContentView.swift */,
				04CCB4782C89F5A600642828 /* Assets.xcassets */,
				04CCB47A2C89F5A600642828 /* Banquemisr_challenge05.entitlements */,
				04CCB4732C89F5A200642828 /* Banquemisr_challenge05.xcdatamodeld */,
				04CCB47B2C89F5A600642828 /* Preview Content */,
			);
			path = Banquemisr.challenge05;
			sourceTree = "<group>";
		};
		04CCB47B2C89F5A600642828 /* Preview Content */ = {
			isa = PBXGroup;
			children = (
				04CCB47C2C89F5A600642828 /* Preview Assets.xcassets */,
			);
			path = "Preview Content";
			sourceTree = "<group>";
		};
		04CCB4852C89F5A700642828 /* Banquemisr.challenge05Tests */ = {
			isa = PBXGroup;
			children = (
				04CCB4862C89F5A700642828 /* Banquemisr_challenge05Tests.swift */,
			);
			path = Banquemisr.challenge05Tests;
			sourceTree = "<group>";
		};
		04CCB48F2C89F5A700642828 /* Banquemisr.challenge05UITests */ = {
			isa = PBXGroup;
			children = (
				04CCB4902C89F5A700642828 /* Banquemisr_challenge05UITests.swift */,
				04CCB4922C89F5A700642828 /* Banquemisr_challenge05UITestsLaunchTests.swift */,
			);
			path = Banquemisr.challenge05UITests;
			sourceTree = "<group>";
		};
/* End PBXGroup section */

/* Begin PBXNativeTarget section */
		04CCB46B2C89F5A200642828 /* Banquemisr.challenge05 */ = {
			isa = PBXNativeTarget;
			buildConfigurationList = 04CCB4962C89F5A700642828 /* Build configuration list for PBXNativeTarget "Banquemisr.challenge05" */;
			buildPhases = (
				04CCB4682C89F5A200642828 /* Sources */,
				04CCB4692C89F5A200642828 /* Frameworks */,
				04CCB46A2C89F5A200642828 /* Resources */,
			);
			buildRules = (
			);
			dependencies = (
			);
			name = Banquemisr.challenge05;
			productName = Banquemisr.challenge05;
			productReference = 04CCB46C2C89F5A200642828 /* Banquemisr.challenge05.app */;
			productType = "com.apple.product-type.application";
		};
		04CCB4812C89F5A700642828 /* Banquemisr.challenge05Tests */ = {
			isa = PBXNativeTarget;
			buildConfigurationList = 04CCB4992C89F5A700642828 /* Build configuration list for PBXNativeTarget "Banquemisr.challenge05Tests" */;
			buildPhases = (
				04CCB47E2C89F5A700642828 /* Sources */,
				04CCB47F2C89F5A700642828 /* Frameworks */,
				04CCB4802C89F5A700642828 /* Resources */,
			);
			buildRules = (
			);
			dependencies = (
				04CCB4842C89F5A700642828 /* PBXTargetDependency */,
			);
			name = Banquemisr.challenge05Tests;
			productName = Banquemisr.challenge05Tests;
			productReference = 04CCB4822C89F5A700642828 /* Banquemisr.challenge05Tests.xctest */;
			productType = "com.apple.product-type.bundle.unit-test";
		};
		04CCB48B2C89F5A700642828 /* Banquemisr.challenge05UITests */ = {
			isa = PBXNativeTarget;
			buildConfigurationList = 04CCB49C2C89F5A700642828 /* Build configuration list for PBXNativeTarget "Banquemisr.challenge05UITests" */;
			buildPhases = (
				04CCB4882C89F5A700642828 /* Sources */,
				04CCB4892C89F5A700642828 /* Frameworks */,
				04CCB48A2C89F5A700642828 /* Resources */,
			);
			buildRules = (
			);
			dependencies = (
				04CCB48E2C89F5A700642828 /* PBXTargetDependency */,
			);
			name = Banquemisr.challenge05UITests;
			productName = Banquemisr.challenge05UITests;
			productReference = 04CCB48C2C89F5A700642828 /* Banquemisr.challenge05UITests.xctest */;
			productType = "com.apple.product-type.bundle.ui-testing";
		};
/* End PBXNativeTarget section */

/* Begin PBXProject section */
		04CCB4642C89F5A200642828 /* Project object */ = {
			isa = PBXProject;
			attributes = {
				BuildIndependentTargetsInParallel = 1;
				LastSwiftUpdateCheck = 1540;
				LastUpgradeCheck = 1540;
				TargetAttributes = {
					04CCB46B2C89F5A200642828 = {
						CreatedOnToolsVersion = 15.4;
					};
					04CCB4812C89F5A700642828 = {
						CreatedOnToolsVersion = 15.4;
						TestTargetID = 04CCB46B2C89F5A200642828;
					};
					04CCB48B2C89F5A700642828 = {
						CreatedOnToolsVersion = 15.4;
						TestTargetID = 04CCB46B2C89F5A200642828;
					};
				};
			};
			buildConfigurationList = 04CCB4672C89F5A200642828 /* Build configuration list for PBXProject "Banquemisr.challenge05" */;
			compatibilityVersion = "Xcode 14.0";
			developmentRegion = en;
			hasScannedForEncodings = 0;
			knownRegions = (
				en,
				Base,
			);
			mainGroup = 04CCB4632C89F5A200642828;
			productRefGroup = 04CCB46D2C89F5A200642828 /* Products */;
			projectDirPath = "";
			projectRoot = "";
			targets = (
				04CCB46B2C89F5A200642828 /* Banquemisr.challenge05 */,
				04CCB4812C89F5A700642828 /* Banquemisr.challenge05Tests */,
				04CCB48B2C89F5A700642828 /* Banquemisr.challenge05UITests */,
			);
		};
/* End PBXProject section */

/* Begin PBXResourcesBuildPhase section */
		04CCB46A2C89F5A200642828 /* Resources */ = {
			isa = PBXResourcesBuildPhase;
			buildActionMask = 2147483647;
			files = (
				04CCB47D2C89F5A600642828 /* Preview Assets.xcassets in Resources */,
				04CCB4792C89F5A600642828 /* Assets.xcassets in Resources */,
			);
			runOnlyForDeploymentPostprocessing = 0;
		};
		04CCB4802C89F5A700642828 /* Resources */ = {
			isa = PBXResourcesBuildPhase;
			buildActionMask = 2147483647;
			files = (
			);
			runOnlyForDeploymentPostprocessing = 0;
		};
		04CCB48A2C89F5A700642828 /* Resources */ = {
			isa = PBXResourcesBuildPhase;
			buildActionMask = 2147483647;
			files = (
			);
			runOnlyForDeploymentPostprocessing = 0;
		};
/* End PBXResourcesBuildPhase section */

/* Begin PBXSourcesBuildPhase section */
		04CCB4682C89F5A200642828 /* Sources */ = {
			isa = PBXSourcesBuildPhase;
			buildActionMask = 2147483647;
			files = (
				04CCB4702C89F5A200642828 /* Banquemisr_challenge05App.swift in Sources */,
				04CCB4752C89F5A200642828 /* Banquemisr_challenge05.xcdatamodeld in Sources */,
				04CCB4772C89F5A200642828 /* ContentView.swift in Sources */,
				04CCB4722C89F5A200642828 /* Persistence.swift in Sources */,
			);
			runOnlyForDeploymentPostprocessing = 0;
		};
		04CCB47E2C89F5A700642828 /* Sources */ = {
			isa = PBXSourcesBuildPhase;
			buildActionMask = 2147483647;
			files = (
				04CCB4872C89F5A700642828 /* Banquemisr_challenge05Tests.swift in Sources */,
			);
			runOnlyForDeploymentPostprocessing = 0;
		};
		04CCB4882C89F5A700642828 /* Sources */ = {
			isa = PBXSourcesBuildPhase;
			buildActionMask = 2147483647;
			files = (
				04CCB4932C89F5A700642828 /* Banquemisr_challenge05UITestsLaunchTests.swift in Sources */,
				04CCB4912C89F5A700642828 /* Banquemisr_challenge05UITests.swift in Sources */,
			);
			runOnlyForDeploymentPostprocessing = 0;
		};
/* End PBXSourcesBuildPhase section */

/* Begin PBXTargetDependency section */
		04CCB4842C89F5A700642828 /* PBXTargetDependency */ = {
			isa = PBXTargetDependency;
			target = 04CCB46B2C89F5A200642828 /* Banquemisr.challenge05 */;
			targetProxy = 04CCB4832C89F5A700642828 /* PBXContainerItemProxy */;
		};
		04CCB48E2C89F5A700642828 /* PBXTargetDependency */ = {
			isa = PBXTargetDependency;
			target = 04CCB46B2C89F5A200642828 /* Banquemisr.challenge05 */;
			targetProxy = 04CCB48D2C89F5A700642828 /* PBXContainerItemProxy */;
		};
/* End PBXTargetDependency section */

/* Begin XCBuildConfiguration section */
		04CCB4942C89F5A700642828 /* Debug */ = {
			isa = XCBuildConfiguration;
			buildSettings = {
				ALWAYS_SEARCH_USER_PATHS = NO;
				ASSETCATALOG_COMPILER_GENERATE_SWIFT_ASSET_SYMBOL_EXTENSIONS = YES;
				CLANG_ANALYZER_NONNULL = YES;
				CLANG_ANALYZER_NUMBER_OBJECT_CONVERSION = YES_AGGRESSIVE;
				CLANG_CXX_LANGUAGE_STANDARD = "gnu++20";
				CLANG_ENABLE_MODULES = YES;
				CLANG_ENABLE_OBJC_ARC = YES;
				CLANG_ENABLE_OBJC_WEAK = YES;
				CLANG_WARN_BLOCK_CAPTURE_AUTORELEASING = YES;
				CLANG_WARN_BOOL_CONVERSION = YES;
				CLANG_WARN_COMMA = YES;
				CLANG_WARN_CONSTANT_CONVERSION = YES;
				CLANG_WARN_DEPRECATED_OBJC_IMPLEMENTATIONS = YES;
				CLANG_WARN_DIRECT_OBJC_ISA_USAGE = YES_ERROR;
				CLANG_WARN_DOCUMENTATION_COMMENTS = YES;
				CLANG_WARN_EMPTY_BODY = YES;
				CLANG_WARN_ENUM_CONVERSION = YES;
				CLANG_WARN_INFINITE_RECURSION = YES;
				CLANG_WARN_INT_CONVERSION = YES;
				CLANG_WARN_NON_LITERAL_NULL_CONVERSION = YES;
				CLANG_WARN_OBJC_IMPLICIT_RETAIN_SELF = YES;
				CLANG_WARN_OBJC_LITERAL_CONVERSION = YES;
				CLANG_WARN_OBJC_ROOT_CLASS = YES_ERROR;
				CLANG_WARN_QUOTED_INCLUDE_IN_FRAMEWORK_HEADER = YES;
				CLANG_WARN_RANGE_LOOP_ANALYSIS = YES;
				CLANG_WARN_STRICT_PROTOTYPES = YES;
				CLANG_WARN_SUSPICIOUS_MOVE = YES;
				CLANG_WARN_UNGUARDED_AVAILABILITY = YES_AGGRESSIVE;
				CLANG_WARN_UNREACHABLE_CODE = YES;
				CLANG_WARN__DUPLICATE_METHOD_MATCH = YES;
				COPY_PHASE_STRIP = NO;
				DEBUG_INFORMATION_FORMAT = dwarf;
				ENABLE_STRICT_OBJC_MSGSEND = YES;
				ENABLE_TESTABILITY = YES;
				ENABLE_USER_SCRIPT_SANDBOXING = YES;
				GCC_C_LANGUAGE_STANDARD = gnu17;
				GCC_DYNAMIC_NO_PIC = NO;
				GCC_NO_COMMON_BLOCKS = YES;
				GCC_OPTIMIZATION_LEVEL = 0;
				GCC_PREPROCESSOR_DEFINITIONS = (
					"DEBUG=1",
					"$(inherited)",
				);
				GCC_WARN_64_TO_32_BIT_CONVERSION = YES;
				GCC_WARN_ABOUT_RETURN_TYPE = YES_ERROR;
				GCC_WARN_UNDECLARED_SELECTOR = YES;
				GCC_WARN_UNINITIALIZED_AUTOS = YES_AGGRESSIVE;
				GCC_WARN_UNUSED_FUNCTION = YES;
				GCC_WARN_UNUSED_VARIABLE = YES;
				LOCALIZATION_PREFERS_STRING_CATALOGS = YES;
				MTL_ENABLE_DEBUG_INFO = INCLUDE_SOURCE;
				MTL_FAST_MATH = YES;
				ONLY_ACTIVE_ARCH = YES;
				SWIFT_ACTIVE_COMPILATION_CONDITIONS = "DEBUG $(inherited)";
				SWIFT_OPTIMIZATION_LEVEL = "-Onone";
			};
			name = Debug;
		};
		04CCB4952C89F5A700642828 /* Release */ = {
			isa = XCBuildConfiguration;
			buildSettings = {
				ALWAYS_SEARCH_USER_PATHS = NO;
				ASSETCATALOG_COMPILER_GENERATE_SWIFT_ASSET_SYMBOL_EXTENSIONS = YES;
				CLANG_ANALYZER_NONNULL = YES;
				CLANG_ANALYZER_NUMBER_OBJECT_CONVERSION = YES_AGGRESSIVE;
				CLANG_CXX_LANGUAGE_STANDARD = "gnu++20";
				CLANG_ENABLE_MODULES = YES;
				CLANG_ENABLE_OBJC_ARC = YES;
				CLANG_ENABLE_OBJC_WEAK = YES;
				CLANG_WARN_BLOCK_CAPTURE_AUTORELEASING = YES;
				CLANG_WARN_BOOL_CONVERSION = YES;
				CLANG_WARN_COMMA = YES;
				CLANG_WARN_CONSTANT_CONVERSION = YES;
				CLANG_WARN_DEPRECATED_OBJC_IMPLEMENTATIONS = YES;
				CLANG_WARN_DIRECT_OBJC_ISA_USAGE = YES_ERROR;
				CLANG_WARN_DOCUMENTATION_COMMENTS = YES;
				CLANG_WARN_EMPTY_BODY = YES;
				CLANG_WARN_ENUM_CONVERSION = YES;
				CLANG_WARN_INFINITE_RECURSION = YES;
				CLANG_WARN_INT_CONVERSION = YES;
				CLANG_WARN_NON_LITERAL_NULL_CONVERSION = YES;
				CLANG_WARN_OBJC_IMPLICIT_RETAIN_SELF = YES;
				CLANG_WARN_OBJC_LITERAL_CONVERSION = YES;
				CLANG_WARN_OBJC_ROOT_CLASS = YES_ERROR;
				CLANG_WARN_QUOTED_INCLUDE_IN_FRAMEWORK_HEADER = YES;
				CLANG_WARN_RANGE_LOOP_ANALYSIS = YES;
				CLANG_WARN_STRICT_PROTOTYPES = YES;
				CLANG_WARN_SUSPICIOUS_MOVE = YES;
				CLANG_WARN_UNGUARDED_AVAILABILITY = YES_AGGRESSIVE;
				CLANG_WARN_UNREACHABLE_CODE = YES;
				CLANG_WARN__DUPLICATE_METHOD_MATCH = YES;
				COPY_PHASE_STRIP = NO;
				DEBUG_INFORMATION_FORMAT = "dwarf-with-dsym";
				ENABLE_NS_ASSERTIONS = NO;
				ENABLE_STRICT_OBJC_MSGSEND = YES;
				ENABLE_USER_SCRIPT_SANDBOXING = YES;
				GCC_C_LANGUAGE_STANDARD = gnu17;
				GCC_NO_COMMON_BLOCKS = YES;
				GCC_WARN_64_TO_32_BIT_CONVERSION = YES;
				GCC_WARN_ABOUT_RETURN_TYPE = YES_ERROR;
				GCC_WARN_UNDECLARED_SELECTOR = YES;
				GCC_WARN_UNINITIALIZED_AUTOS = YES_AGGRESSIVE;
				GCC_WARN_UNUSED_FUNCTION = YES;
				GCC_WARN_UNUSED_VARIABLE = YES;
				LOCALIZATION_PREFERS_STRING_CATALOGS = YES;
				MTL_ENABLE_DEBUG_INFO = NO;
				MTL_FAST_MATH = YES;
				SWIFT_COMPILATION_MODE = wholemodule;
			};
			name = Release;
		};
		04CCB4972C89F5A700642828 /* Debug */ = {
			isa = XCBuildConfiguration;
			buildSettings = {
				ASSETCATALOG_COMPILER_APPICON_NAME = AppIcon;
				ASSETCATALOG_COMPILER_GLOBAL_ACCENT_COLOR_NAME = AccentColor;
				CODE_SIGN_ENTITLEMENTS = Banquemisr.challenge05/Banquemisr_challenge05.entitlements;
				CODE_SIGN_STYLE = Automatic;
				CURRENT_PROJECT_VERSION = 1;
				DEVELOPMENT_ASSET_PATHS = "\"Banquemisr.challenge05/Preview Content\"";
				DEVELOPMENT_TEAM = FMYX9S9BQ2;
				ENABLE_HARDENED_RUNTIME = YES;
				ENABLE_PREVIEWS = YES;
				GENERATE_INFOPLIST_FILE = YES;
				"INFOPLIST_KEY_UIApplicationSceneManifest_Generation[sdk=iphoneos*]" = YES;
				"INFOPLIST_KEY_UIApplicationSceneManifest_Generation[sdk=iphonesimulator*]" = YES;
				"INFOPLIST_KEY_UIApplicationSupportsIndirectInputEvents[sdk=iphoneos*]" = YES;
				"INFOPLIST_KEY_UIApplicationSupportsIndirectInputEvents[sdk=iphonesimulator*]" = YES;
				"INFOPLIST_KEY_UILaunchScreen_Generation[sdk=iphoneos*]" = YES;
				"INFOPLIST_KEY_UILaunchScreen_Generation[sdk=iphonesimulator*]" = YES;
				"INFOPLIST_KEY_UIStatusBarStyle[sdk=iphoneos*]" = UIStatusBarStyleDefault;
				"INFOPLIST_KEY_UIStatusBarStyle[sdk=iphonesimulator*]" = UIStatusBarStyleDefault;
				INFOPLIST_KEY_UISupportedInterfaceOrientations_iPad = "UIInterfaceOrientationPortrait UIInterfaceOrientationPortraitUpsideDown UIInterfaceOrientationLandscapeLeft UIInterfaceOrientationLandscapeRight";
				INFOPLIST_KEY_UISupportedInterfaceOrientations_iPhone = "UIInterfaceOrientationPortrait UIInterfaceOrientationLandscapeLeft UIInterfaceOrientationLandscapeRight";
				IPHONEOS_DEPLOYMENT_TARGET = 17.5;
				LD_RUNPATH_SEARCH_PATHS = "@executable_path/Frameworks";
				"LD_RUNPATH_SEARCH_PATHS[sdk=macosx*]" = "@executable_path/../Frameworks";
				MACOSX_DEPLOYMENT_TARGET = 14.1;
				MARKETING_VERSION = 1.0;
				PRODUCT_BUNDLE_IDENTIFIER = "any.Banquemisr-challenge05";
				PRODUCT_NAME = "$(TARGET_NAME)";
				SDKROOT = auto;
				SUPPORTED_PLATFORMS = "iphoneos iphonesimulator";
				SUPPORTS_MACCATALYST = NO;
				SWIFT_EMIT_LOC_STRINGS = YES;
				SWIFT_VERSION = 5.0;
				TARGETED_DEVICE_FAMILY = 1;
			};
			name = Debug;
		};
		04CCB4982C89F5A700642828 /* Release */ = {
			isa = XCBuildConfiguration;
			buildSettings = {
				ASSETCATALOG_COMPILER_APPICON_NAME = AppIcon;
				ASSETCATALOG_COMPILER_GLOBAL_ACCENT_COLOR_NAME = AccentColor;
				CODE_SIGN_ENTITLEMENTS = Banquemisr.challenge05/Banquemisr_challenge05.entitlements;
				CODE_SIGN_STYLE = Automatic;
				CURRENT_PROJECT_VERSION = 1;
				DEVELOPMENT_ASSET_PATHS = "\"Banquemisr.challenge05/Preview Content\"";
				DEVELOPMENT_TEAM = FMYX9S9BQ2;
				ENABLE_HARDENED_RUNTIME = YES;
				ENABLE_PREVIEWS = YES;
				GENERATE_INFOPLIST_FILE = YES;
				"INFOPLIST_KEY_UIApplicationSceneManifest_Generation[sdk=iphoneos*]" = YES;
				"INFOPLIST_KEY_UIApplicationSceneManifest_Generation[sdk=iphonesimulator*]" = YES;
				"INFOPLIST_KEY_UIApplicationSupportsIndirectInputEvents[sdk=iphoneos*]" = YES;
				"INFOPLIST_KEY_UIApplicationSupportsIndirectInputEvents[sdk=iphonesimulator*]" = YES;
				"INFOPLIST_KEY_UILaunchScreen_Generation[sdk=iphoneos*]" = YES;
				"INFOPLIST_KEY_UILaunchScreen_Generation[sdk=iphonesimulator*]" = YES;
				"INFOPLIST_KEY_UIStatusBarStyle[sdk=iphoneos*]" = UIStatusBarStyleDefault;
				"INFOPLIST_KEY_UIStatusBarStyle[sdk=iphonesimulator*]" = UIStatusBarStyleDefault;
				INFOPLIST_KEY_UISupportedInterfaceOrientations_iPad = "UIInterfaceOrientationPortrait UIInterfaceOrientationPortraitUpsideDown UIInterfaceOrientationLandscapeLeft UIInterfaceOrientationLandscapeRight";
				INFOPLIST_KEY_UISupportedInterfaceOrientations_iPhone = "UIInterfaceOrientationPortrait UIInterfaceOrientationLandscapeLeft UIInterfaceOrientationLandscapeRight";
				IPHONEOS_DEPLOYMENT_TARGET = 17.5;
				LD_RUNPATH_SEARCH_PATHS = "@executable_path/Frameworks";
				"LD_RUNPATH_SEARCH_PATHS[sdk=macosx*]" = "@executable_path/../Frameworks";
				MACOSX_DEPLOYMENT_TARGET = 14.1;
				MARKETING_VERSION = 1.0;
				PRODUCT_BUNDLE_IDENTIFIER = "any.Banquemisr-challenge05";
				PRODUCT_NAME = "$(TARGET_NAME)";
				SDKROOT = auto;
				SUPPORTED_PLATFORMS = "iphoneos iphonesimulator";
				SUPPORTS_MACCATALYST = NO;
				SWIFT_EMIT_LOC_STRINGS = YES;
				SWIFT_VERSION = 5.0;
				TARGETED_DEVICE_FAMILY = 1;
			};
			name = Release;
		};
		04CCB49A2C89F5A700642828 /* Debug */ = {
			isa = XCBuildConfiguration;
			buildSettings = {
				ALWAYS_EMBED_SWIFT_STANDARD_LIBRARIES = YES;
				BUNDLE_LOADER = "$(TEST_HOST)";
				CODE_SIGN_STYLE = Automatic;
				CURRENT_PROJECT_VERSION = 1;
				DEVELOPMENT_TEAM = FMYX9S9BQ2;
				GENERATE_INFOPLIST_FILE = YES;
				IPHONEOS_DEPLOYMENT_TARGET = 17.5;
				MACOSX_DEPLOYMENT_TARGET = 14.1;
				MARKETING_VERSION = 1.0;
				PRODUCT_BUNDLE_IDENTIFIER = "any.Banquemisr-challenge05Tests";
				PRODUCT_NAME = "$(TARGET_NAME)";
				SDKROOT = auto;
				SUPPORTED_PLATFORMS = "iphoneos iphonesimulator macosx";
				SWIFT_EMIT_LOC_STRINGS = NO;
				SWIFT_VERSION = 5.0;
				TARGETED_DEVICE_FAMILY = "1,2";
				TEST_HOST = "$(BUILT_PRODUCTS_DIR)/Banquemisr.challenge05.app/$(BUNDLE_EXECUTABLE_FOLDER_PATH)/Banquemisr.challenge05";
			};
			name = Debug;
		};
		04CCB49B2C89F5A700642828 /* Release */ = {
			isa = XCBuildConfiguration;
			buildSettings = {
				ALWAYS_EMBED_SWIFT_STANDARD_LIBRARIES = YES;
				BUNDLE_LOADER = "$(TEST_HOST)";
				CODE_SIGN_STYLE = Automatic;
				CURRENT_PROJECT_VERSION = 1;
				DEVELOPMENT_TEAM = FMYX9S9BQ2;
				GENERATE_INFOPLIST_FILE = YES;
				IPHONEOS_DEPLOYMENT_TARGET = 17.5;
				MACOSX_DEPLOYMENT_TARGET = 14.1;
				MARKETING_VERSION = 1.0;
				PRODUCT_BUNDLE_IDENTIFIER = "any.Banquemisr-challenge05Tests";
				PRODUCT_NAME = "$(TARGET_NAME)";
				SDKROOT = auto;
				SUPPORTED_PLATFORMS = "iphoneos iphonesimulator macosx";
				SWIFT_EMIT_LOC_STRINGS = NO;
				SWIFT_VERSION = 5.0;
				TARGETED_DEVICE_FAMILY = "1,2";
				TEST_HOST = "$(BUILT_PRODUCTS_DIR)/Banquemisr.challenge05.app/$(BUNDLE_EXECUTABLE_FOLDER_PATH)/Banquemisr.challenge05";
			};
			name = Release;
		};
		04CCB49D2C89F5A700642828 /* Debug */ = {
			isa = XCBuildConfiguration;
			buildSettings = {
				ALWAYS_EMBED_SWIFT_STANDARD_LIBRARIES = YES;
				CODE_SIGN_STYLE = Automatic;
				CURRENT_PROJECT_VERSION = 1;
				DEVELOPMENT_TEAM = FMYX9S9BQ2;
				GENERATE_INFOPLIST_FILE = YES;
				IPHONEOS_DEPLOYMENT_TARGET = 17.5;
				MACOSX_DEPLOYMENT_TARGET = 14.1;
				MARKETING_VERSION = 1.0;
				PRODUCT_BUNDLE_IDENTIFIER = "any.Banquemisr-challenge05UITests";
				PRODUCT_NAME = "$(TARGET_NAME)";
				SDKROOT = auto;
				SUPPORTED_PLATFORMS = "iphoneos iphonesimulator macosx";
				SWIFT_EMIT_LOC_STRINGS = NO;
				SWIFT_VERSION = 5.0;
				TARGETED_DEVICE_FAMILY = "1,2";
				TEST_TARGET_NAME = Banquemisr.challenge05;
			};
			name = Debug;
		};
		04CCB49E2C89F5A700642828 /* Release */ = {
			isa = XCBuildConfiguration;
			buildSettings = {
				ALWAYS_EMBED_SWIFT_STANDARD_LIBRARIES = YES;
				CODE_SIGN_STYLE = Automatic;
				CURRENT_PROJECT_VERSION = 1;
				DEVELOPMENT_TEAM = FMYX9S9BQ2;
				GENERATE_INFOPLIST_FILE = YES;
				IPHONEOS_DEPLOYMENT_TARGET = 17.5;
				MACOSX_DEPLOYMENT_TARGET = 14.1;
				MARKETING_VERSION = 1.0;
				PRODUCT_BUNDLE_IDENTIFIER = "any.Banquemisr-challenge05UITests";
				PRODUCT_NAME = "$(TARGET_NAME)";
				SDKROOT = auto;
				SUPPORTED_PLATFORMS = "iphoneos iphonesimulator macosx";
				SWIFT_EMIT_LOC_STRINGS = NO;
				SWIFT_VERSION = 5.0;
				TARGETED_DEVICE_FAMILY = "1,2";
				TEST_TARGET_NAME = Banquemisr.challenge05;
			};
			name = Release;
		};
/* End XCBuildConfiguration section */

/* Begin XCConfigurationList section */
		04CCB4672C89F5A200642828 /* Build configuration list for PBXProject "Banquemisr.challenge05" */ = {
			isa = XCConfigurationList;
			buildConfigurations = (
				04CCB4942C89F5A700642828 /* Debug */,
				04CCB4952C89F5A700642828 /* Release */,
			);
			defaultConfigurationIsVisible = 0;
			defaultConfigurationName = Release;
		};
		04CCB4962C89F5A700642828 /* Build configuration list for PBXNativeTarget "Banquemisr.challenge05" */ = {
			isa = XCConfigurationList;
			buildConfigurations = (
				04CCB4972C89F5A700642828 /* Debug */,
				04CCB4982C89F5A700642828 /* Release */,
			);
			defaultConfigurationIsVisible = 0;
			defaultConfigurationName = Release;
		};
		04CCB4992C89F5A700642828 /* Build configuration list for PBXNativeTarget "Banquemisr.challenge05Tests" */ = {
			isa = XCConfigurationList;
			buildConfigurations = (
				04CCB49A2C89F5A700642828 /* Debug */,
				04CCB49B2C89F5A700642828 /* Release */,
			);
			defaultConfigurationIsVisible = 0;
			defaultConfigurationName = Release;
		};
		04CCB49C2C89F5A700642828 /* Build configuration list for PBXNativeTarget "Banquemisr.challenge05UITests" */ = {
			isa = XCConfigurationList;
			buildConfigurations = (
				04CCB49D2C89F5A700642828 /* Debug */,
				04CCB49E2C89F5A700642828 /* Release */,
			);
			defaultConfigurationIsVisible = 0;
			defaultConfigurationName = Release;
		};
/* End XCConfigurationList section */

/* Begin XCVersionGroup section */
		04CCB4732C89F5A200642828 /* Banquemisr_challenge05.xcdatamodeld */ = {
			isa = XCVersionGroup;
			children = (
				04CCB4742C89F5A200642828 /* Banquemisr_challenge05.xcdatamodel */,
			);
			currentVersion = 04CCB4742C89F5A200642828 /* Banquemisr_challenge05.xcdatamodel */;
			path = Banquemisr_challenge05.xcdatamodeld;
			sourceTree = "<group>";
			versionGroupType = wrapper.xcdatamodel;
		};
/* End XCVersionGroup section */
	};
	rootObject = 04CCB4642C89F5A200642828 /* Project object */;
}
